# THIS IS AN AUTOGENERATED FILE. DO NOT EDIT THIS FILE DIRECTLY.
# yarn lockfile v1


"@floating-ui/core@^1.7.0":
  version "1.7.0"
  resolved "https://registry.yarnpkg.com/@floating-ui/core/-/core-1.7.0.tgz#1aff27a993ea1b254a586318c29c3b16ea0f4d0a"
  integrity sha512-FRdBLykrPPA6P76GGGqlex/e7fbe0F1ykgxHYNXQsH/iTEtjMj/f9bpY5oQqbjt5VgZvgz/uKXbGuROijh3VLA==
  dependencies:
    "@floating-ui/utils" "^0.2.9"

"@floating-ui/dom@^1.0.0":
  version "1.7.0"
  resolved "https://registry.yarnpkg.com/@floating-ui/dom/-/dom-1.7.0.tgz#f9f83ee4fee78ac23ad9e65b128fc11a27857532"
  integrity sha512-lGTor4VlXcesUMh1cupTUTDoCxMb0V6bm3CnxHzQcw8Eaf1jQbgQX4i02fYgT0vJ82tb5MZ4CZk1LRGkktJCzg==
  dependencies:
    "@floating-ui/core" "^1.7.0"
    "@floating-ui/utils" "^0.2.9"

"@floating-ui/react-dom@^2.1.2":
  version "2.1.2"
  resolved "https://registry.yarnpkg.com/@floating-ui/react-dom/-/react-dom-2.1.2.tgz#a1349bbf6a0e5cb5ded55d023766f20a4d439a31"
  integrity sha512-06okr5cgPzMNBy+Ycse2A6udMi4bqwW/zgBF/rwjcNqWkyr82Mcg8b0vjX8OJpZFy/FKjJmw6wV7t44kK6kW7A==
  dependencies:
    "@floating-ui/dom" "^1.0.0"

"@floating-ui/react@^0.26.16":
  version "0.26.28"
  resolved "https://registry.yarnpkg.com/@floating-ui/react/-/react-0.26.28.tgz#93f44ebaeb02409312e9df9507e83aab4a8c0dc7"
  integrity sha512-yORQuuAtVpiRjpMhdc0wJj06b9JFjrYF4qp96j++v2NBpbi6SEGF7donUJ3TMieerQ6qVkAv1tgr7L4r5roTqw==
  dependencies:
    "@floating-ui/react-dom" "^2.1.2"
    "@floating-ui/utils" "^0.2.8"
    tabbable "^6.0.0"

"@floating-ui/utils@^0.2.8", "@floating-ui/utils@^0.2.9":
  version "0.2.9"
  resolved "https://registry.yarnpkg.com/@floating-ui/utils/-/utils-0.2.9.tgz#50dea3616bc8191fb8e112283b49eaff03e78429"
  integrity sha512-MDWhGtE+eHw5JW7lq4qhc5yRLS11ERl1c7Z6Xd0a58DozHES6EnNNwUWbMiG4J9Cgj053Bhk8zvlhFYKVhULwg==

"@headlessui/react@^2.2.2":
  version "2.2.2"
  resolved "https://registry.yarnpkg.com/@headlessui/react/-/react-2.2.2.tgz#adbfed24a10b73a4951462c5a6c120a7f886d05d"
  integrity sha512-zbniWOYBQ8GHSUIOPY7BbdIn6PzUOq0z41RFrF30HbjsxG6Rrfk+6QulR8Kgf2Vwj2a/rE6i62q5vo+2gI5dJA==
  dependencies:
    "@floating-ui/react" "^0.26.16"
    "@react-aria/focus" "^3.17.1"
    "@react-aria/interactions" "^3.21.3"
    "@tanstack/react-virtual" "^3.13.6"
    use-sync-external-store "^1.5.0"

"@react-aria/focus@^3.17.1":
  version "3.20.2"
  resolved "https://registry.yarnpkg.com/@react-aria/focus/-/focus-3.20.2.tgz#f20cd830d2536b905169a547228c5d5471a874bc"
  integrity sha512-Q3rouk/rzoF/3TuH6FzoAIKrl+kzZi9LHmr8S5EqLAOyP9TXIKG34x2j42dZsAhrw7TbF9gA8tBKwnCNH4ZV+Q==
  dependencies:
    "@react-aria/interactions" "^3.25.0"
    "@react-aria/utils" "^3.28.2"
    "@react-types/shared" "^3.29.0"
    "@swc/helpers" "^0.5.0"
    clsx "^2.0.0"

"@react-aria/interactions@^3.21.3", "@react-aria/interactions@^3.25.0":
  version "3.25.0"
  resolved "https://registry.yarnpkg.com/@react-aria/interactions/-/interactions-3.25.0.tgz#a57dcec4b8c429756770fbe969263588bb879110"
  integrity sha512-GgIsDLlO8rDU/nFn6DfsbP9rfnzhm8QFjZkB9K9+r+MTSCn7bMntiWQgMM+5O6BiA8d7C7x4zuN4bZtc0RBdXQ==
  dependencies:
    "@react-aria/ssr" "^3.9.8"
    "@react-aria/utils" "^3.28.2"
    "@react-stately/flags" "^3.1.1"
    "@react-types/shared" "^3.29.0"
    "@swc/helpers" "^0.5.0"

"@react-aria/ssr@^3.9.8":
  version "3.9.8"
  resolved "https://registry.yarnpkg.com/@react-aria/ssr/-/ssr-3.9.8.tgz#9c06f1860abac629517898c1b5424be5d03bc112"
  integrity sha512-lQDE/c9uTfBSDOjaZUJS8xP2jCKVk4zjQeIlCH90xaLhHDgbpCdns3xvFpJJujfj3nI4Ll9K7A+ONUBDCASOuw==
  dependencies:
    "@swc/helpers" "^0.5.0"

"@react-aria/utils@^3.28.2":
  version "3.28.2"
  resolved "https://registry.yarnpkg.com/@react-aria/utils/-/utils-3.28.2.tgz#f698bc54b2cb506c2f81d1ce92543ae39aae3968"
  integrity sha512-J8CcLbvnQgiBn54eeEvQQbIOfBF3A1QizxMw9P4cl9MkeR03ug7RnjTIdJY/n2p7t59kLeAB3tqiczhcj+Oi5w==
  dependencies:
    "@react-aria/ssr" "^3.9.8"
    "@react-stately/flags" "^3.1.1"
    "@react-stately/utils" "^3.10.6"
    "@react-types/shared" "^3.29.0"
    "@swc/helpers" "^0.5.0"
    clsx "^2.0.0"

"@react-stately/flags@^3.1.1":
  version "3.1.1"
  resolved "https://registry.yarnpkg.com/@react-stately/flags/-/flags-3.1.1.tgz#c47d540c4196798f4cc0ee83f844099b4d57b876"
  integrity sha512-XPR5gi5LfrPdhxZzdIlJDz/B5cBf63l4q6/AzNqVWFKgd0QqY5LvWJftXkklaIUpKSJkIKQb8dphuZXDtkWNqg==
  dependencies:
    "@swc/helpers" "^0.5.0"

"@react-stately/utils@^3.10.6":
  version "3.10.6"
  resolved "https://registry.yarnpkg.com/@react-stately/utils/-/utils-3.10.6.tgz#2ae25c2773e53a4ebdaf39264aa27145b758dc1b"
  integrity sha512-O76ip4InfTTzAJrg8OaZxKU4vvjMDOpfA/PGNOytiXwBbkct2ZeZwaimJ8Bt9W1bj5VsZ81/o/tW4BacbdDOMA==
  dependencies:
    "@swc/helpers" "^0.5.0"

"@react-types/shared@^3.29.0":
  version "3.29.0"
  resolved "https://registry.yarnpkg.com/@react-types/shared/-/shared-3.29.0.tgz#f29bdad3bff1336aaa754d7abc420da2f014d931"
  integrity sha512-IDQYu/AHgZimObzCFdNl1LpZvQW/xcfLt3v20sorl5qRucDVj4S9os98sVTZ4IRIBjmS+MkjqpR5E70xan7ooA==

"@swc/helpers@^0.5.0":
  version "0.5.17"
  resolved "https://registry.yarnpkg.com/@swc/helpers/-/helpers-0.5.17.tgz#5a7be95ac0f0bf186e7e6e890e7a6f6cda6ce971"
  integrity sha512-5IKx/Y13RsYd+sauPb2x+U/xZikHjolzfuDgTAl/Tdf3Q8rslRvC19NKDLgAJQ6wsqADk10ntlv08nPFw/gO/A==
  dependencies:
    tslib "^2.8.0"

"@tanstack/react-virtual@^3.13.6":
  version "3.13.6"
  resolved "https://registry.yarnpkg.com/@tanstack/react-virtual/-/react-virtual-3.13.6.tgz#30243c8c3166673caf66bfbf5352e1b314a3a4cd"
  integrity sha512-WT7nWs8ximoQ0CDx/ngoFP7HbQF9Q2wQe4nh2NB+u2486eX3nZRE40P9g6ccCVq7ZfTSH5gFOuCoVH5DLNS/aA==
  dependencies:
    "@tanstack/virtual-core" "3.13.6"

"@tanstack/virtual-core@3.13.6":
  version "3.13.6"
  resolved "https://registry.yarnpkg.com/@tanstack/virtual-core/-/virtual-core-3.13.6.tgz#329f962f1596b3280736c266a982897ed2112157"
  integrity sha512-cnQUeWnhNP8tJ4WsGcYiX24Gjkc9ALstLbHcBj1t3E7EimN6n6kHH+DPV4PpDnuw00NApQp+ViojMj1GRdwYQg==

clsx@^2.0.0:
  version "2.1.1"
  resolved "https://registry.yarnpkg.com/clsx/-/clsx-2.1.1.tgz#eed397c9fd8bd882bfb18deab7102049a2f32999"
  integrity sha512-eYm0QWBtUrBWZWG0d386OGAw16Z995PiOVo2B7bjWSbHedGl5e0ZWaq65kOGgUSNesEIDkB9ISbTg/JK9dhCZA==

lucide-react@^0.507.0:
  version "0.507.0"
  resolved "https://registry.yarnpkg.com/lucide-react/-/lucide-react-0.507.0.tgz#d93a75ed130bd530a368fe1dd4ea009ea90a772b"
  integrity sha512-XfgE6gvAHwAtnbUvWiTTHx4S3VGR+cUJHEc0vrh9Ogu672I1Tue2+Cp/8JJqpytgcBHAB1FVI297W4XGNwc2dQ==

tabbable@^6.0.0:
  version "6.2.0"
  resolved "https://registry.yarnpkg.com/tabbable/-/tabbable-6.2.0.tgz#732fb62bc0175cfcec257330be187dcfba1f3b97"
  integrity sha512-Cat63mxsVJlzYvN51JmVXIgNoUokrIaT2zLclCXjRd8boZ0004U4KCs/sToJ75C6sdlByWxpYnb5Boif1VSFew==

tslib@^2.8.0:
  version "2.8.1"
  resolved "https://registry.yarnpkg.com/tslib/-/tslib-2.8.1.tgz#612efe4ed235d567e8aba5f2a5fab70280ade83f"
  integrity sha512-oJFu94HQb+KVduSUQL7wnpmqnfmLsOA/nAh6b6EH0wCEoK0/mPeXU6c3wKDV83MkOuHPRHtSXKKU99IBazS/2w==

use-sync-external-store@^1.5.0:
  version "1.5.0"
  resolved "https://registry.yarnpkg.com/use-sync-external-store/-/use-sync-external-store-1.5.0.tgz#55122e2a3edd2a6c106174c27485e0fd59bcfca0"
  integrity sha512-Rb46I4cGGVBmjamjphe8L/UnvJD+uPPtTkNvX5mZgqdbavhI4EbgIWJiIHXJ8bc/i9EQGPRh4DwEURJ552Do0A==

zustand@^5.0.4:
  version "5.0.4"
  resolved "https://registry.yarnpkg.com/zustand/-/zustand-5.0.4.tgz#33af161f1e337854ccd8b711ef9e92545d6ae53f"
  integrity sha512-39VFTN5InDtMd28ZhjLyuTnlytDr9HfwO512Ai4I8ZABCoyAj4F1+sr7sD1jP/+p7k77Iko0Pb5NhgBFDCX0kQ==
